<?xml version="1.0" encoding="utf-8"?>
<Project ToolsVersion="4.0" xmlns="http://schemas.microsoft.com/developer/msbuild/2003">
  <ItemGroup>
    <ClCompile Include="AboutDlg.cpp" />
    <ClCompile Include="AppSettings.cpp" />
    <ClCompile Include="AuthDlg.cpp" />
    <ClCompile Include="BaseGraph.cpp" />
    <ClCompile Include="ChildView.cpp" />
    <ClCompile Include="CmdLineHelpDlg.cpp" />
    <ClCompile Include="ColorButton.cpp" />
    <ClCompile Include="ComPropertyPage.cpp" />
    <ClCompile Include="ComPropertySheet.cpp" />
    <ClCompile Include="CoverArt.cpp" />
    <ClCompile Include="CrashReporter.cpp" />
    <ClCompile Include="CrashReporterDialog.cpp" />
    <ClCompile Include="CShockwaveFlash.cpp" />
    <ClCompile Include="DebugShadersDlg.cpp" />
    <ClCompile Include="DeinterlacerFilter.cpp" />
    <ClCompile Include="DVBChannel.cpp" />
    <ClCompile Include="EditListEditor.cpp" />
    <ClCompile Include="EditWithButton.cpp" />
    <ClCompile Include="EventDispatcher.cpp" />
    <ClCompile Include="FakeFilterMapper2.cpp" />
    <ClCompile Include="FavoriteAddDlg.cpp" />
    <ClCompile Include="FavoriteOrganizeDlg.cpp" />
    <ClCompile Include="FGFilter.cpp" />
    <ClCompile Include="FGFilterLAV.cpp" />
    <ClCompile Include="FGManager.cpp" />
    <ClCompile Include="FGManagerBDA.cpp" />
    <ClCompile Include="FGManagerLibrary.cpp" />
    <ClCompile Include="FileAssoc.cpp" />
    <ClCompile Include="DropTarget.cpp" />
    <ClCompile Include="FreeviewEPGDecode.cpp" />
    <ClCompile Include="MainFrmControls.cpp" />
    <ClCompile Include="MediaPositionList.cpp" />
    <ClCompile Include="FloatEdit.cpp" />
    <ClCompile Include="FullscreenWnd.cpp" />
    <ClCompile Include="GoToDlg.cpp" />
    <ClCompile Include="GraphThread.cpp" />
    <ClCompile Include="Ifo.cpp" />
    <ClCompile Include="ISDb.cpp" />
    <ClCompile Include="KeyProvider.cpp" />
    <ClCompile Include="LcdSupport.cpp" />
    <ClCompile Include="MainFrm.cpp" />
    <ClCompile Include="MediaFormats.cpp" />
    <ClCompile Include="MediaTypesDlg.cpp" />
    <ClCompile Include="Monitors.cpp" />
    <ClCompile Include="MouseTouch.cpp" />
    <ClCompile Include="MPCPngImage.cpp" />
    <ClCompile Include="Mpeg2SectionData.cpp" />
    <ClCompile Include="mplayerc.cpp" />
    <ClCompile Include="MultiMonitor.cpp" />
    <ClCompile Include="OpenDirHelper.cpp" />
    <ClCompile Include="OpenDlg.cpp" />
    <ClCompile Include="OpenFileDlg.cpp" />
    <ClCompile Include="OpenLibraryDlg.cpp" />
    <ClCompile Include="PlayerBar.cpp" />
    <ClCompile Include="PlayerCaptureBar.cpp" />
    <ClCompile Include="PlayerCaptureDialog.cpp" />
    <ClCompile Include="PlayerInfoBar.cpp" />
    <ClCompile Include="PlayerListCtrl.cpp" />
    <ClCompile Include="PlayerNavigationBar.cpp" />
    <ClCompile Include="PlayerNavigationDialog.cpp" />
    <ClCompile Include="PlayerPlaylistBar.cpp" />
    <ClCompile Include="PlayerSeekBar.cpp" />
    <ClCompile Include="PlayerStatusBar.cpp" />
    <ClCompile Include="PlayerSubresyncBar.cpp" />
    <ClCompile Include="PlayerToolBar.cpp" />
    <ClCompile Include="Playlist.cpp" />
    <ClCompile Include="PnSPresetsDlg.cpp" />
    <ClCompile Include="PPageAccelTbl.cpp" />
    <ClCompile Include="PPageAdvanced.cpp" />
    <ClCompile Include="PPageAudioSwitcher.cpp" />
    <ClCompile Include="PPageBase.cpp" />
    <ClCompile Include="PPageCapture.cpp" />
    <ClCompile Include="PPageDVD.cpp" />
    <ClCompile Include="PPageExternalFilters.cpp" />
    <ClCompile Include="PPageFileInfoClip.cpp" />
    <ClCompile Include="PPageFileInfoDetails.cpp" />
    <ClCompile Include="PPageFileInfoRes.cpp" />
    <ClCompile Include="PPageFileInfoSheet.cpp" />
    <ClCompile Include="PPageFileMediaInfo.cpp" />
    <ClCompile Include="PPageFormats.cpp" />
    <ClCompile Include="PPageFullscreen.cpp" />
    <ClCompile Include="PPageInternalFilters.cpp" />
    <ClCompile Include="PPageLogo.cpp" />
    <ClCompile Include="PPageMisc.cpp" />
    <ClCompile Include="PPageOutput.cpp" />
    <ClCompile Include="PPagePlayback.cpp" />
    <ClCompile Include="PPagePlayer.cpp" />
    <ClCompile Include="PPageShaders.cpp" />
    <ClCompile Include="PPageSheet.cpp" />
    <ClCompile Include="PPageSubMisc.cpp" />
    <ClCompile Include="PPageSubStyle.cpp" />
    <ClCompile Include="PPageSubtitles.cpp" />
    <ClCompile Include="PPageSync.cpp" />
    <ClCompile Include="PPageTweaks.cpp" />
    <ClCompile Include="PPageWebServer.cpp" />
    <ClCompile Include="QuicktimeGraph.cpp" />
    <ClCompile Include="RealMediaGraph.cpp" />
    <ClCompile Include="RealMediaWindowlessSite.cpp" />
    <ClCompile Include="RegFilterChooserDlg.cpp" />
    <ClCompile Include="SaveDlg.cpp" />
    <ClCompile Include="SaveImageDialog.cpp" />
    <ClCompile Include="SaveSubtitlesFileDialog.cpp" />
    <ClCompile Include="SaveTextFileDialog.cpp" />
    <ClCompile Include="SaveThumbnailsDialog.cpp" />
    <ClCompile Include="SelectMediaType.cpp" />
    <ClCompile Include="Shaders.cpp" />
    <ClCompile Include="ShockwaveGraph.cpp" />
    <ClCompile Include="SkypeMoodMsgHandler.cpp" />
    <ClCompile Include="Translations.cpp" />
    <ClCompile Include="StaticLink.cpp" />
    <ClCompile Include="StatusLabel.cpp" />
    <ClCompile Include="stdafx.cpp" />
    <ClCompile Include="SubtitleDlDlg.cpp" />
    <ClCompile Include="TextPassThruFilter.cpp" />
    <ClCompile Include="TunerScanDlg.cpp" />
    <ClCompile Include="UpdateChecker.cpp" />
<<<<<<< HEAD
    <ClCompile Include="UpdateCheckerDlg.cpp" />
    <ClCompile Include="VersionInfo.cpp" />
    <ClCompile Include="vkCodes.cpp" />
    <ClCompile Include="VMROSD.cpp" />
    <ClCompile Include="VolumeCtrl.cpp" />
    <ClCompile Include="WebClientSocket.cpp" />
    <ClCompile Include="WebServer.cpp" />
    <ClCompile Include="WebServerSocket.cpp" />
    <ClCompile Include="WinHotkeyCtrl.cpp" />
=======
    <ClCompile Include="ChildView.cpp">
      <Filter>Main View</Filter>
    </ClCompile>
    <ClCompile Include="CoverArt.cpp">
      <Filter>Main View</Filter>
    </ClCompile>
    <ClCompile Include="MouseTouch.cpp">
      <Filter>Main View</Filter>
    </ClCompile>
    <ClCompile Include="FullscreenWnd.cpp">
      <Filter>Main View</Filter>
    </ClCompile>
    <ClCompile Include="VMROSD.cpp">
      <Filter>Main View</Filter>
    </ClCompile>
    <ClCompile Include="PlayerCaptureBar.cpp">
      <Filter>Panels</Filter>
    </ClCompile>
    <ClCompile Include="PlayerCaptureDialog.cpp">
      <Filter>Panels</Filter>
    </ClCompile>
    <ClCompile Include="PlayerNavigationBar.cpp">
      <Filter>Panels</Filter>
    </ClCompile>
    <ClCompile Include="PlayerNavigationDialog.cpp">
      <Filter>Panels</Filter>
    </ClCompile>
    <ClCompile Include="PlayerSubresyncBar.cpp">
      <Filter>Panels</Filter>
    </ClCompile>
    <ClCompile Include="PlayerPlaylistBar.cpp">
      <Filter>Panels</Filter>
    </ClCompile>
    <ClCompile Include="DropTarget.cpp">
      <Filter>Helpers</Filter>
    </ClCompile>
    <ClCompile Include="CrashReporter.cpp">
      <Filter>Crash Reporter</Filter>
    </ClCompile>
    <ClCompile Include="PPageAudioRenderer.cpp">
      <Filter>Property Dialogs\Player Options\Pages</Filter>
    </ClCompile>
    <ClCompile Include="DpiHelper.cpp">
      <Filter>Helpers</Filter>
    </ClCompile>
>>>>>>> d911f14d5619d800819d6f4658e72236720b79af
  </ItemGroup>
  <ItemGroup>
    <ClInclude Include="AboutDlg.h" />
    <ClInclude Include="AppSettings.h" />
    <ClInclude Include="AuthDlg.h" />
    <ClInclude Include="BaseGraph.h" />
    <ClInclude Include="ChildView.h" />
    <ClInclude Include="CmdLineHelpDlg.h" />
    <ClInclude Include="ColorButton.h" />
    <ClInclude Include="ComPropertyPage.h" />
    <ClInclude Include="ComPropertySheet.h" />
    <ClInclude Include="CoverArt.h" />
    <ClInclude Include="CrashReporter.h" />
    <ClInclude Include="CrashReporterDialog.h" />
    <ClInclude Include="CShockwaveFlash.h" />
    <ClInclude Include="DebugShadersDlg.h" />
    <ClInclude Include="DeinterlacerFilter.h" />
    <ClInclude Include="DVBChannel.h" />
    <ClInclude Include="EditListEditor.h" />
    <ClInclude Include="EditWithButton.h" />
    <ClInclude Include="EventDispatcher.h" />
    <ClInclude Include="FakeFilterMapper2.h" />
    <ClInclude Include="FavoriteAddDlg.h" />
    <ClInclude Include="FavoriteOrganizeDlg.h" />
    <ClInclude Include="FGFilter.h" />
    <ClInclude Include="FGFilterLAV.h" />
    <ClInclude Include="FGManager.h" />
    <ClInclude Include="FGManagerBDA.h" />
    <ClInclude Include="FGManagerLibrary.h" />
    <ClInclude Include="FileAssoc.h" />
    <ClInclude Include="DropTarget.h" />
    <ClInclude Include="FilterEnum.h" />
    <ClInclude Include="FloatEdit.h" />
    <ClInclude Include="FreeviewEPGDecode.h" />
    <ClInclude Include="FullscreenWnd.h" />
    <ClInclude Include="GoToDlg.h" />
    <ClInclude Include="GraphThread.h" />
    <ClInclude Include="Ifo.h" />
    <ClInclude Include="IGraphBuilder2.h" />
    <ClInclude Include="InternalFiltersConfig.h" />
    <ClInclude Include="ISDb.h" />
    <ClInclude Include="KeyProvider.h" />
    <ClInclude Include="LcdSupport.h" />
    <ClInclude Include="Logger.h" />
    <ClInclude Include="MainFrm.h" />
    <ClInclude Include="MainFrmControls.h" />
    <ClInclude Include="MediaFormats.h" />
    <ClInclude Include="MediaPositionList.h" />
    <ClInclude Include="MediaTypesDlg.h" />
    <ClInclude Include="Monitors.h" />
    <ClInclude Include="MouseTouch.h" />
    <ClInclude Include="MpcApi.h" />
    <ClInclude Include="MPCPngImage.h" />
    <ClInclude Include="Mpeg2SectionData.h" />
    <ClInclude Include="mplayerc.h" />
    <ClInclude Include="MultiMonitor.h" />
    <ClInclude Include="OpenDirHelper.h" />
    <ClInclude Include="OpenDlg.h" />
    <ClInclude Include="OpenFileDlg.h" />
    <ClInclude Include="OpenLibraryDlg.h" />
    <ClInclude Include="PlayerBar.h" />
    <ClInclude Include="PlayerCaptureBar.h" />
    <ClInclude Include="PlayerCaptureDialog.h" />
    <ClInclude Include="PlayerInfoBar.h" />
    <ClInclude Include="PlayerListCtrl.h" />
    <ClInclude Include="PlayerNavigationBar.h" />
    <ClInclude Include="PlayerNavigationDialog.h" />
    <ClInclude Include="PlayerPlaylistBar.h" />
    <ClInclude Include="PlayerSeekBar.h" />
    <ClInclude Include="PlayerStatusBar.h" />
    <ClInclude Include="PlayerSubresyncBar.h" />
    <ClInclude Include="PlayerToolBar.h" />
    <ClInclude Include="Playlist.h" />
    <ClInclude Include="PnSPresetsDlg.h" />
    <ClInclude Include="PPageAccelTbl.h" />
    <ClInclude Include="PPageAdvanced.h" />
    <ClInclude Include="PPageAudioSwitcher.h" />
    <ClInclude Include="PPageBase.h" />
    <ClInclude Include="PPageCapture.h" />
    <ClInclude Include="PPageDVD.h" />
    <ClInclude Include="PPageExternalFilters.h" />
    <ClInclude Include="PPageFileInfoClip.h" />
    <ClInclude Include="PPageFileInfoDetails.h" />
    <ClInclude Include="PPageFileInfoRes.h" />
    <ClInclude Include="PPageFileInfoSheet.h" />
    <ClInclude Include="PPageFileMediaInfo.h" />
    <ClInclude Include="PPageFormats.h" />
    <ClInclude Include="PPageFullscreen.h" />
    <ClInclude Include="PPageInternalFilters.h" />
    <ClInclude Include="PPageLogo.h" />
    <ClInclude Include="PPageMisc.h" />
    <ClInclude Include="PPageOutput.h" />
    <ClInclude Include="PPagePlayback.h" />
    <ClInclude Include="PPagePlayer.h" />
    <ClInclude Include="PPageShaders.h" />
    <ClInclude Include="PPageSheet.h" />
    <ClInclude Include="PPageSubMisc.h" />
    <ClInclude Include="PPageSubStyle.h" />
    <ClInclude Include="PPageSubtitles.h" />
    <ClInclude Include="PPageSync.h" />
    <ClInclude Include="PPageTweaks.h" />
    <ClInclude Include="PPageWebServer.h" />
    <ClInclude Include="QuicktimeGraph.h" />
    <ClInclude Include="RealMediaGraph.h" />
    <ClInclude Include="RealMediaWindowlessSite.h" />
    <ClInclude Include="RegFilterChooserDlg.h" />
    <ClInclude Include="resource.h" />
    <ClInclude Include="SaveDlg.h" />
    <ClInclude Include="SaveImageDialog.h" />
    <ClInclude Include="SaveSubtitlesFileDialog.h" />
    <ClInclude Include="SaveTextFileDialog.h" />
    <ClInclude Include="SaveThumbnailsDialog.h" />
    <ClInclude Include="SelectMediaType.h" />
    <ClInclude Include="SettingsDefines.h" />
    <ClInclude Include="Shaders.h" />
    <ClInclude Include="ShockwaveGraph.h" />
    <ClInclude Include="SkypeMoodMsgHandler.h" />
    <ClInclude Include="StaticLink.h" />
    <ClInclude Include="StatusLabel.h" />
    <ClInclude Include="stdafx.h" />
    <ClInclude Include="Struct.h" />
    <ClInclude Include="SubtitleDlDlg.h" />
    <ClInclude Include="TextPassThruFilter.h" />
    <ClInclude Include="TimerWrappers.h" />
    <ClInclude Include="Translations.h" />
    <ClInclude Include="TunerScanDlg.h" />
    <ClInclude Include="..\..\include\version.h" />
    <ClInclude Include="UpdateChecker.h" />
<<<<<<< HEAD
    <ClInclude Include="UpdateCheckerDlg.h" />
    <ClInclude Include="VersionInfo.h" />
    <ClInclude Include="vkCodes.h" />
    <ClInclude Include="VMROSD.h" />
    <ClInclude Include="VolumeCtrl.h" />
    <ClInclude Include="WebClientSocket.h" />
    <ClInclude Include="WebServer.h" />
    <ClInclude Include="WebServerSocket.h" />
    <ClInclude Include="WinHotkeyCtrl.h" />
=======
    <ClInclude Include="CoverArt.h">
      <Filter>Main View</Filter>
    </ClInclude>
    <ClInclude Include="ChildView.h">
      <Filter>Main View</Filter>
    </ClInclude>
    <ClInclude Include="MouseTouch.h">
      <Filter>Main View</Filter>
    </ClInclude>
    <ClInclude Include="FullscreenWnd.h">
      <Filter>Main View</Filter>
    </ClInclude>
    <ClInclude Include="VMROSD.h">
      <Filter>Main View</Filter>
    </ClInclude>
    <ClInclude Include="..\..\include\version.h">
      <Filter>Build Info</Filter>
    </ClInclude>
    <ClInclude Include="PlayerCaptureBar.h">
      <Filter>Panels</Filter>
    </ClInclude>
    <ClInclude Include="PlayerCaptureDialog.h">
      <Filter>Panels</Filter>
    </ClInclude>
    <ClInclude Include="PlayerNavigationBar.h">
      <Filter>Panels</Filter>
    </ClInclude>
    <ClInclude Include="PlayerNavigationDialog.h">
      <Filter>Panels</Filter>
    </ClInclude>
    <ClInclude Include="PlayerSubresyncBar.h">
      <Filter>Panels</Filter>
    </ClInclude>
    <ClInclude Include="PlayerPlaylistBar.h">
      <Filter>Panels</Filter>
    </ClInclude>
    <ClInclude Include="DropTarget.h">
      <Filter>Helpers</Filter>
    </ClInclude>
    <ClInclude Include="Logger.h">
      <Filter>Helpers</Filter>
    </ClInclude>
    <ClInclude Include="CrashReporter.h">
      <Filter>Crash Reporter</Filter>
    </ClInclude>
    <ClInclude Include="PPageAudioRenderer.h">
      <Filter>Property Dialogs\Player Options\Pages</Filter>
    </ClInclude>
    <ClInclude Include="DpiHelper.h">
      <Filter>Helpers</Filter>
    </ClInclude>
  </ItemGroup>
  <ItemGroup>
    <None Include="res\ani.avi">
      <Filter>Resource Files</Filter>
    </None>
    <None Include="res\icon.ico">
      <Filter>Resource Files</Filter>
    </None>
    <None Include="res\Icon_114.ico">
      <Filter>Resource Files</Filter>
    </None>
    <None Include="res\Icon_116.ico">
      <Filter>Resource Files</Filter>
    </None>
    <None Include="res\Icon_41.ico">
      <Filter>Resource Files</Filter>
    </None>
    <None Include="res\logo.0.png">
      <Filter>Resource Files</Filter>
    </None>
    <None Include="res\logo.1.png">
      <Filter>Resource Files</Filter>
    </None>
    <None Include="res\logo.2.png">
      <Filter>Resource Files</Filter>
    </None>
    <None Include="res\logo.1_x64.png">
      <Filter>Resource Files</Filter>
    </None>
    <None Include="res\logo.2_x64.png">
      <Filter>Resource Files</Filter>
    </None>
    <None Include="res\mono.bmp">
      <Filter>Resource Files</Filter>
    </None>
    <None Include="res\multi.ico">
      <Filter>Resource Files</Filter>
    </None>
    <None Include="res\noaudio.bmp">
      <Filter>Resource Files</Filter>
    </None>
    <None Include="res\onoff.bmp">
      <Filter>Resource Files</Filter>
    </None>
    <None Include="res\single.ico">
      <Filter>Resource Files</Filter>
    </None>
    <None Include="res\stereo.bmp">
      <Filter>Resource Files</Filter>
    </None>
    <None Include="res\streamtypes.bmp">
      <Filter>Resource Files</Filter>
    </None>
    <None Include="res\tb_pause_16.ico">
      <Filter>Resource Files</Filter>
    </None>
    <None Include="res\tb_play_16.ico">
      <Filter>Resource Files</Filter>
    </None>
    <None Include="res\tb_stop_16.ico">
      <Filter>Resource Files</Filter>
    </None>
    <None Include="res\toolbarw7.png">
      <Filter>Resource Files</Filter>
    </None>
    <None Include="res\shaders\empty.psh">
      <Filter>Resource Files\shaders</Filter>
    </None>
    <None Include="res\shaders\final.psh">
      <Filter>Resource Files\shaders</Filter>
    </None>
    <None Include="res\shaders\resizer.psh">
      <Filter>Resource Files\shaders</Filter>
    </None>
    <None Include="res\logo.3.png">
      <Filter>Resource Files</Filter>
    </None>
    <None Include="res\logo.3_x64.png">
      <Filter>Resource Files</Filter>
    </None>
    <None Include="res\toolbar.bmp">
      <Filter>Resource Files</Filter>
    </None>
    <None Include="res\web\404.html">
      <Filter>Resource Files\web</Filter>
    </None>
    <None Include="res\web\browser.html">
      <Filter>Resource Files\web</Filter>
    </None>
    <None Include="res\web\controls.html">
      <Filter>Resource Files\web</Filter>
    </None>
    <None Include="res\web\default.css">
      <Filter>Resource Files\web</Filter>
    </None>
    <None Include="res\web\index.html">
      <Filter>Resource Files\web</Filter>
    </None>
    <None Include="res\web\info.html">
      <Filter>Resource Files\web</Filter>
    </None>
    <None Include="res\web\javascript.js">
      <Filter>Resource Files\web</Filter>
    </None>
    <None Include="res\web\player.html">
      <Filter>Resource Files\web</Filter>
    </None>
    <None Include="res\web\variables.html">
      <Filter>Resource Files\web</Filter>
    </None>
    <None Include="res\web\favicon.ico">
      <Filter>Resource Files\web</Filter>
    </None>
    <None Include="res\web\img\1pix.png">
      <Filter>Resource Files\web\img</Filter>
    </None>
    <None Include="res\web\img\bottomside.png">
      <Filter>Resource Files\web\img</Filter>
    </None>
    <None Include="res\web\img\controlback.png">
      <Filter>Resource Files\web\img</Filter>
    </None>
    <None Include="res\web\img\controlbuttondecrate.png">
      <Filter>Resource Files\web\img</Filter>
    </None>
    <None Include="res\web\img\controlbuttonincrate.png">
      <Filter>Resource Files\web\img</Filter>
    </None>
    <None Include="res\web\img\controlbuttonpause.png">
      <Filter>Resource Files\web\img</Filter>
    </None>
    <None Include="res\web\img\controlbuttonplay.png">
      <Filter>Resource Files\web\img</Filter>
    </None>
    <None Include="res\web\img\controlbuttonskipback.png">
      <Filter>Resource Files\web\img</Filter>
    </None>
    <None Include="res\web\img\controlbuttonskipforward.png">
      <Filter>Resource Files\web\img</Filter>
    </None>
    <None Include="res\web\img\controlbuttonstep.png">
      <Filter>Resource Files\web\img</Filter>
    </None>
    <None Include="res\web\img\controlbuttonstop.png">
      <Filter>Resource Files\web\img</Filter>
    </None>
    <None Include="res\web\img\controlvolumebar.png">
      <Filter>Resource Files\web\img</Filter>
    </None>
    <None Include="res\web\img\controlvolumegrip.png">
      <Filter>Resource Files\web\img</Filter>
    </None>
    <None Include="res\web\img\controlvolumeoff.png">
      <Filter>Resource Files\web\img</Filter>
    </None>
    <None Include="res\web\img\controlvolumeon.png">
      <Filter>Resource Files\web\img</Filter>
    </None>
    <None Include="res\web\img\headerback.png">
      <Filter>Resource Files\web\img</Filter>
    </None>
    <None Include="res\web\img\headerclose.png">
      <Filter>Resource Files\web\img</Filter>
    </None>
    <None Include="res\web\img\headericon.png">
      <Filter>Resource Files\web\img</Filter>
    </None>
    <None Include="res\web\img\leftbottomside.png">
      <Filter>Resource Files\web\img</Filter>
    </None>
    <None Include="res\web\img\leftside.png">
      <Filter>Resource Files\web\img</Filter>
    </None>
    <None Include="res\web\img\rightbottomside.png">
      <Filter>Resource Files\web\img</Filter>
    </None>
    <None Include="res\web\img\rightside.png">
      <Filter>Resource Files\web\img</Filter>
    </None>
    <None Include="res\web\img\seekbargrip.png">
      <Filter>Resource Files\web\img</Filter>
    </None>
    <None Include="res\web\img\seekbarleft.png">
      <Filter>Resource Files\web\img</Filter>
    </None>
    <None Include="res\web\img\seekbarmid.png">
      <Filter>Resource Files\web\img</Filter>
    </None>
    <None Include="res\web\img\seekbarright.png">
      <Filter>Resource Files\web\img</Filter>
    </None>
    <None Include="res\web\img\sliderback.png">
      <Filter>Resource Files\web\img</Filter>
    </None>
    <None Include="res\web\img\slidergrip.png">
      <Filter>Resource Files\web\img</Filter>
    </None>
    <None Include="res\web\img\vbg.png">
      <Filter>Resource Files\web\img</Filter>
    </None>
    <None Include="res\web\img\vbs.png">
      <Filter>Resource Files\web\img</Filter>
    </None>
    <None Include="res\tickcross.png">
      <Filter>Resource Files</Filter>
    </None>
  </ItemGroup>
  <ItemGroup>
    <ResourceCompile Include="mpc-hc.rc">
      <Filter>Resource Files</Filter>
    </ResourceCompile>
>>>>>>> d911f14d5619d800819d6f4658e72236720b79af
  </ItemGroup>
  <ItemGroup>
    <ResourceCompile Include="mpc-hc.rc" />
  </ItemGroup>
  <ItemGroup>
    <Image Include="res\check_all.bmp" />
    <Image Include="res\check_audio.bmp" />
    <Image Include="res\check_video.bmp" />
    <Image Include="res\uncheck_all.bmp" />
  </ItemGroup>
  <ItemGroup>
    <None Include="res\ani.avi" />
    <None Include="res\icon.ico" />
    <None Include="res\Icon_114.ico" />
    <None Include="res\Icon_116.ico" />
    <None Include="res\Icon_41.ico" />
    <None Include="res\logo.0.png" />
    <None Include="res\logo.1.png" />
    <None Include="res\logo.1_x64.png" />
    <None Include="res\logo.2.png" />
    <None Include="res\logo.2_x64.png" />
    <None Include="res\logo.3.png" />
    <None Include="res\logo.3_x64.png" />
    <None Include="res\mono.bmp" />
    <None Include="res\multi.ico" />
    <None Include="res\noaudio.bmp" />
    <None Include="res\onoff.bmp" />
    <None Include="res\shaders\final.psh" />
    <None Include="res\single.ico" />
    <None Include="res\stereo.bmp" />
    <None Include="res\streamtypes.bmp" />
    <None Include="res\tb_pause_16.ico" />
    <None Include="res\tb_play_16.ico" />
    <None Include="res\tb_stop_16.ico" />
    <None Include="res\tickcross.png" />
    <None Include="res\toolbar.bmp" />
    <None Include="res\toolbarw7.png" />
    <None Include="res\shaders\empty.psh" />
    <None Include="res\shaders\resizer.psh" />
    <None Include="res\web\404.html" />
    <None Include="res\web\browser.html" />
    <None Include="res\web\controls.html" />
    <None Include="res\web\default.css" />
    <None Include="res\web\favicon.ico" />
    <None Include="res\web\img\1pix.png" />
    <None Include="res\web\img\bottomside.png" />
    <None Include="res\web\img\controlback.png" />
    <None Include="res\web\img\controlbuttondecrate.png" />
    <None Include="res\web\img\controlbuttonincrate.png" />
    <None Include="res\web\img\controlbuttonpause.png" />
    <None Include="res\web\img\controlbuttonplay.png" />
    <None Include="res\web\img\controlbuttonskipback.png" />
    <None Include="res\web\img\controlbuttonskipforward.png" />
    <None Include="res\web\img\controlbuttonstep.png" />
    <None Include="res\web\img\controlbuttonstop.png" />
    <None Include="res\web\img\controlvolumebar.png" />
    <None Include="res\web\img\controlvolumegrip.png" />
    <None Include="res\web\img\controlvolumeoff.png" />
    <None Include="res\web\img\controlvolumeon.png" />
    <None Include="res\web\img\headerback.png" />
    <None Include="res\web\img\headerclose.png" />
    <None Include="res\web\img\headericon.png" />
    <None Include="res\web\img\leftbottomside.png" />
    <None Include="res\web\img\leftside.png" />
    <None Include="res\web\img\rightbottomside.png" />
    <None Include="res\web\img\rightside.png" />
    <None Include="res\web\img\seekbargrip.png" />
    <None Include="res\web\img\seekbarleft.png" />
    <None Include="res\web\img\seekbarmid.png" />
    <None Include="res\web\img\seekbarright.png" />
    <None Include="res\web\img\sliderback.png" />
    <None Include="res\web\img\slidergrip.png" />
    <None Include="res\web\img\vbg.png" />
    <None Include="res\web\img\vbs.png" />
    <None Include="res\web\index.html" />
    <None Include="res\web\info.html" />
    <None Include="res\web\javascript.js" />
    <None Include="res\web\player.html" />
    <None Include="res\web\variables.html" />
  </ItemGroup>
</Project>