<?xml version="1.0" encoding="utf-8"?>
<Project ToolsVersion="4.0" xmlns="http://schemas.microsoft.com/developer/msbuild/2003">
  <ItemGroup>
    <Filter Include="Source Files">
      <UniqueIdentifier>{4FC737F1-C7A5-4376-A066-2A32D752A2FF}</UniqueIdentifier>
      <Extensions>cpp;c;cc;cxx;def;odl;idl;hpj;bat;asm;asmx</Extensions>
    </Filter>
    <Filter Include="Header Files">
      <UniqueIdentifier>{93995380-89BD-4b04-88EB-625FBE52EBFB}</UniqueIdentifier>
      <Extensions>h;hpp;hxx;hm;inl;inc;xsd</Extensions>
    </Filter>
    <Filter Include="Resource Files">
      <UniqueIdentifier>{67DA6AB6-F800-4c08-8B7A-83BB121AAD01}</UniqueIdentifier>
      <Extensions>rc;ico;cur;bmp;dlg;rc2;rct;bin;rgs;gif;jpg;jpeg;jpe;resx;tiff;tif;png;wav;mfcribbon-ms</Extensions>
    </Filter>
  </ItemGroup>
  <ItemGroup>
    <ClCompile Include="activity_statistics_monitor.cpp">
      <Filter>Source Files</Filter>
    </ClCompile>
    <ClCompile Include="agent.cpp">
      <Filter>Source Files</Filter>
    </ClCompile>
    <ClCompile Include="agent_impl.cpp">
      <Filter>Source Files</Filter>
    </ClCompile>
    <ClCompile Include="details.cpp">
      <Filter>Source Files</Filter>
    </ClCompile>
    <ClCompile Include="id_generator.cpp">
      <Filter>Source Files</Filter>
    </ClCompile>
    <ClCompile Include="incoming_message.cpp">
      <Filter>Source Files</Filter>
    </ClCompile>
    <ClCompile Include="incoming_message_queue.cpp">
      <Filter>Source Files</Filter>
    </ClCompile>
    <ClCompile Include="name_resolver.cpp">
      <Filter>Source Files</Filter>
    </ClCompile>
    <ClCompile Include="options.cpp">
      <Filter>Source Files</Filter>
    </ClCompile>
    <ClCompile Include="outgoing_message.cpp">
      <Filter>Source Files</Filter>
    </ClCompile>
    <ClCompile Include="outgoing_message_info.cpp">
      <Filter>Source Files</Filter>
    </ClCompile>
    <ClCompile Include="outgoing_message_manager.cpp">
      <Filter>Source Files</Filter>
    </ClCompile>
    <ClCompile Include="parameter_entry.cpp">
      <Filter>Source Files</Filter>
    </ClCompile>
    <ClCompile Include="parameters.cpp">
      <Filter>Source Files</Filter>
    </ClCompile>
    <ClCompile Include="raw_buffer_data_source.cpp">
      <Filter>Source Files</Filter>
    </ClCompile>
    <ClCompile Include="value_publisher.cpp">
      <Filter>Source Files</Filter>
    </ClCompile>
    <ClCompile Include="value_publisher_impl.cpp">
      <Filter>Source Files</Filter>
    </ClCompile>
    <ClCompile Include="version.cpp">
      <Filter>Source Files</Filter>
    </ClCompile>
    <ClCompile Include="water_flow_manager.cpp">
      <Filter>Source Files</Filter>
    </ClCompile>
    <ClCompile Include="windows\delay.cpp">
      <Filter>Source Files</Filter>
    </ClCompile>
    <ClCompile Include="windows\flag.cpp">
      <Filter>Source Files</Filter>
    </ClCompile>
    <ClCompile Include="windows\semaphore.cpp">
      <Filter>Source Files</Filter>
    </ClCompile>
    <ClCompile Include="windows\start_thread.cpp">
      <Filter>Source Files</Filter>
    </ClCompile>
  </ItemGroup>
  <ItemGroup>
    <ClInclude Include="activity_statistics_monitor.h">
      <Filter>Header Files</Filter>
    </ClInclude>
    <ClInclude Include="agent.h">
      <Filter>Header Files</Filter>
    </ClInclude>
    <ClInclude Include="agent_impl.h">
      <Filter>Header Files</Filter>
    </ClInclude>
    <ClInclude Include="agent_impl_base.h">
      <Filter>Header Files</Filter>
    </ClInclude>
    <ClInclude Include="connection_event.h">
      <Filter>Header Files</Filter>
    </ClInclude>
    <ClInclude Include="connection_event_dispatcher_base.h">
      <Filter>Header Files</Filter>
    </ClInclude>
    <ClInclude Include="connection_event_generic_dispatcher.h">
      <Filter>Header Files</Filter>
    </ClInclude>
    <ClInclude Include="details.h">
      <Filter>Header Files</Filter>
    </ClInclude>
    <ClInclude Include="errors.h">
      <Filter>Header Files</Filter>
    </ClInclude>
    <ClInclude Include="event_callback.h">
      <Filter>Header Files</Filter>
    </ClInclude>
    <ClInclude Include="id_generator.h">
      <Filter>Header Files</Filter>
    </ClInclude>
    <ClInclude Include="incoming_message.h">
      <Filter>Header Files</Filter>
    </ClInclude>
    <ClInclude Include="incoming_message_dispatcher_base.h">
      <Filter>Header Files</Filter>
    </ClInclude>
    <ClInclude Include="incoming_message_generic_dispatcher.h">
      <Filter>Header Files</Filter>
    </ClInclude>
    <ClInclude Include="incoming_message_info.h">
      <Filter>Header Files</Filter>
    </ClInclude>
    <ClInclude Include="incoming_message_queue.h">
      <Filter>Header Files</Filter>
    </ClInclude>
    <ClInclude Include="message_state.h">
      <Filter>Header Files</Filter>
    </ClInclude>
    <ClInclude Include="mutex_lock.h">
      <Filter>Header Files</Filter>
    </ClInclude>
    <ClInclude Include="name_resolver.h">
      <Filter>Header Files</Filter>
    </ClInclude>
    <ClInclude Include="option_names.h">
      <Filter>Header Files</Filter>
    </ClInclude>
    <ClInclude Include="options.h">
      <Filter>Header Files</Filter>
    </ClInclude>
    <ClInclude Include="outgoing_message.h">
      <Filter>Header Files</Filter>
    </ClInclude>
    <ClInclude Include="outgoing_message_info.h">
      <Filter>Header Files</Filter>
    </ClInclude>
    <ClInclude Include="outgoing_message_manager.h">
      <Filter>Header Files</Filter>
    </ClInclude>
    <ClInclude Include="parameter_entry.h">
      <Filter>Header Files</Filter>
    </ClInclude>
    <ClInclude Include="parameter_type.h">
      <Filter>Header Files</Filter>
    </ClInclude>
    <ClInclude Include="parameters.h">
      <Filter>Header Files</Filter>
    </ClInclude>
    <ClInclude Include="raw_buffer_data_source.h">
      <Filter>Header Files</Filter>
    </ClInclude>
    <ClInclude Include="serializable.h">
      <Filter>Header Files</Filter>
    </ClInclude>
    <ClInclude Include="value_publisher.h">
      <Filter>Header Files</Filter>
    </ClInclude>
    <ClInclude Include="value_publisher_impl.h">
      <Filter>Header Files</Filter>
    </ClInclude>
    <ClInclude Include="value_publisher_overflow_action.h">
      <Filter>Header Files</Filter>
    </ClInclude>
    <ClInclude Include="value_publisher_overflow_dispatcher_base.h">
      <Filter>Header Files</Filter>
    </ClInclude>
    <ClInclude Include="value_publisher_overflow_generic_dispatcher.h">
      <Filter>Header Files</Filter>
    </ClInclude>
    <ClInclude Include="version.h">
      <Filter>Header Files</Filter>
    </ClInclude>
    <ClInclude Include="water_flow_manager.h">
      <Filter>Header Files</Filter>
    </ClInclude>
    <ClInclude Include="yami.h">
      <Filter>Header Files</Filter>
    </ClInclude>
    <ClInclude Include="windows\delay.h">
      <Filter>Header Files</Filter>
    </ClInclude>
    <ClInclude Include="windows\flag.h">
      <Filter>Header Files</Filter>
    </ClInclude>
    <ClInclude Include="windows\semaphore.h">
      <Filter>Header Files</Filter>
    </ClInclude>
    <ClInclude Include="windows\start_thread.h">
      <Filter>Header Files</Filter>
    </ClInclude>
  </ItemGroup>
</Project>