<?xml version="1.0" encoding="utf-8"?>
<Project ToolsVersion="4.0" xmlns="http://schemas.microsoft.com/developer/msbuild/2003">
  <ItemGroup>
    <Filter Include="Source Files">
      <UniqueIdentifier>{4FC737F1-C7A5-4376-A066-2A32D752A2FF}</UniqueIdentifier>
      <Extensions>cpp;c;cc;cxx;def;odl;idl;hpj;bat;asm;asmx</Extensions>
    </Filter>
    <Filter Include="Header Files">
      <UniqueIdentifier>{93995380-89BD-4b04-88EB-625FBE52EBFB}</UniqueIdentifier>
      <Extensions>h;hpp;hxx;hm;inl;inc;xsd</Extensions>
    </Filter>
    <Filter Include="Resource Files">
      <UniqueIdentifier>{67DA6AB6-F800-4c08-8B7A-83BB121AAD01}</UniqueIdentifier>
      <Extensions>rc;ico;cur;bmp;dlg;rc2;rct;bin;rgs;gif;jpg;jpeg;jpe;resx;tiff;tif;png;wav;mfcribbon-ms</Extensions>
    </Filter>
  </ItemGroup>
  <ItemGroup>
    <ClCompile Include="agent.cpp">
      <Filter>Source Files</Filter>
    </ClCompile>
    <ClCompile Include="allocator.cpp">
      <Filter>Source Files</Filter>
    </ClCompile>
    <ClCompile Include="c_interface.cpp">
      <Filter>Source Files</Filter>
    </ClCompile>
    <ClCompile Include="channel.cpp">
      <Filter>Source Files</Filter>
    </ClCompile>
    <ClCompile Include="channel_group.cpp">
      <Filter>Source Files</Filter>
    </ClCompile>
    <ClCompile Include="channel_holder.cpp">
      <Filter>Source Files</Filter>
    </ClCompile>
    <ClCompile Include="fatal_errors.cpp">
      <Filter>Source Files</Filter>
    </ClCompile>
    <ClCompile Include="listener.cpp">
      <Filter>Source Files</Filter>
    </ClCompile>
    <ClCompile Include="network_utils.cpp">
      <Filter>Source Files</Filter>
    </ClCompile>
    <ClCompile Include="options.cpp">
      <Filter>Source Files</Filter>
    </ClCompile>
    <ClCompile Include="parameter_entry.cpp">
      <Filter>Source Files</Filter>
    </ClCompile>
    <ClCompile Include="parameter_iterator.cpp">
      <Filter>Source Files</Filter>
    </ClCompile>
    <ClCompile Include="parameters.cpp">
      <Filter>Source Files</Filter>
    </ClCompile>
    <ClCompile Include="parameters-details.cpp">
      <Filter>Source Files</Filter>
    </ClCompile>
    <ClCompile Include="raw_buffer_data_source.cpp">
      <Filter>Source Files</Filter>
    </ClCompile>
    <ClCompile Include="serialization.cpp">
      <Filter>Source Files</Filter>
    </ClCompile>
  </ItemGroup>
  <ItemGroup>
    <ClInclude Include="agent.h">
      <Filter>Header Files</Filter>
    </ClInclude>
    <ClInclude Include="allocator.h">
      <Filter>Header Files</Filter>
    </ClInclude>
    <ClInclude Include="channel.h">
      <Filter>Header Files</Filter>
    </ClInclude>
    <ClInclude Include="channel_descriptor.h">
      <Filter>Header Files</Filter>
    </ClInclude>
    <ClInclude Include="channel_group.h">
      <Filter>Header Files</Filter>
    </ClInclude>
    <ClInclude Include="channel_holder.h">
      <Filter>Header Files</Filter>
    </ClInclude>
    <ClInclude Include="core.h">
      <Filter>Header Files</Filter>
    </ClInclude>
    <ClInclude Include="details-fwd.h">
      <Filter>Header Files</Filter>
    </ClInclude>
    <ClInclude Include="doxymain.h">
      <Filter>Header Files</Filter>
    </ClInclude>
    <ClInclude Include="fatal_errors.h">
      <Filter>Header Files</Filter>
    </ClInclude>
    <ClInclude Include="incoming_frame.h">
      <Filter>Header Files</Filter>
    </ClInclude>
    <ClInclude Include="incoming_message_frame_list.h">
      <Filter>Header Files</Filter>
    </ClInclude>
    <ClInclude Include="listener.h">
      <Filter>Header Files</Filter>
    </ClInclude>
    <ClInclude Include="network_utils.h">
      <Filter>Header Files</Filter>
    </ClInclude>
    <ClInclude Include="option_names.h">
      <Filter>Header Files</Filter>
    </ClInclude>
    <ClInclude Include="options.h">
      <Filter>Header Files</Filter>
    </ClInclude>
    <ClInclude Include="outgoing_frame.h">
      <Filter>Header Files</Filter>
    </ClInclude>
    <ClInclude Include="parameter_entry.h">
      <Filter>Header Files</Filter>
    </ClInclude>
    <ClInclude Include="parameter_iterator.h">
      <Filter>Header Files</Filter>
    </ClInclude>
    <ClInclude Include="parameter_type.h">
      <Filter>Header Files</Filter>
    </ClInclude>
    <ClInclude Include="parameters.h">
      <Filter>Header Files</Filter>
    </ClInclude>
    <ClInclude Include="parameters-details.h">
      <Filter>Header Files</Filter>
    </ClInclude>
    <ClInclude Include="parameters-details_dump_sink.h">
      <Filter>Header Files</Filter>
    </ClInclude>
    <ClInclude Include="raw_buffer_data_source.h">
      <Filter>Header Files</Filter>
    </ClInclude>
    <ClInclude Include="serializable.h">
      <Filter>Header Files</Filter>
    </ClInclude>
    <ClInclude Include="serialization.h">
      <Filter>Header Files</Filter>
    </ClInclude>
  </ItemGroup>
</Project>